
Microsoft Visual Studio Solution File, Format Version 12.00
# Visual Studio Version 17
VisualStudioVersion = 17.1.32127.271
MinimumVisualStudioVersion = 10.0.40219.1
Project("{9A19103F-16F7-4668-BE54-9A1E7A4F7556}") = "ConsoleUI", "ConsoleUI\ConsoleUI.csproj", "{32B974CD-7A54-4EB6-8522-FCC68CF4342B}"
EndProject
Project("{9A19103F-16F7-4668-BE54-9A1E7A4F7556}") = "MudBlazorWasmUI", "MudBlazorWasmUI\MudBlazorWasmUI.csproj", "{957BC367-E82A-49A1-95B6-9CDA22CC7E23}"
EndProject
Project("{9A19103F-16F7-4668-BE54-9A1E7A4F7556}") = "WpfUI", "WpfUI\WpfUI.csproj", "{CF36DB74-A137-4714-B17B-0040B2C1DF33}"
EndProject
Project("{9A19103F-16F7-4668-BE54-9A1E7A4F7556}") = "MudBlazorServerUI", "MudBlazorServerUI\MudBlazorServerUI.csproj", "{61566A8E-3413-4820-B95F-2BAB9956D809}"
EndProject
Project("{9A19103F-16F7-4668-BE54-9A1E7A4F7556}") = "WorkerService", "WorkerService\WorkerService.csproj", "{6BDEB957-74E6-42F9-85D5-2015DD90BCFB}"
EndProject
Project("{9A19103F-16F7-4668-BE54-9A1E7A4F7556}") = "WebApi", "WebApi\WebApi.csproj", "{963DAD17-E244-4C78-B952-7157040064D0}"
EndProject
Project("{9A19103F-16F7-4668-BE54-9A1E7A4F7556}") = "WebApi.IdentityLibrary", "WebApi.IdentityLibrary\WebApi.IdentityLibrary.csproj", "{2406217F-EADC-41A1-BB85-E89AA809704A}"
EndProject
Project("{9A19103F-16F7-4668-BE54-9A1E7A4F7556}") = "WebApi.SharedLibrary", "WebApi.SharedLibrary\WebApi.SharedLibrary.csproj", "{A1B1136D-03F3-402C-9EF3-74F7119B8492}"
EndProject
Project("{9A19103F-16F7-4668-BE54-9A1E7A4F7556}") = "BlazorUI", "BlazorUI\BlazorUI.csproj", "{1A900417-8FEF-4DC6-8E0E-04ACB0D8DDDB}"
EndProject
Project("{FAE04EC0-301F-11D3-BF4B-00C04F79EFBC}") = "WinUIDesktop", "WinUIDesktop\WinUIDesktop.csproj", "{9E972058-CA3C-449D-8E90-B2C540F69E00}"
EndProject
Global
	GlobalSection(SolutionConfigurationPlatforms) = preSolution
		Debug|Any CPU = Debug|Any CPU
		Debug|ARM64 = Debug|ARM64
		Debug|x64 = Debug|x64
		Debug|x86 = Debug|x86
		Release|Any CPU = Release|Any CPU
		Release|ARM64 = Release|ARM64
		Release|x64 = Release|x64
		Release|x86 = Release|x86
	EndGlobalSection
	GlobalSection(ProjectConfigurationPlatforms) = postSolution
		{32B974CD-7A54-4EB6-8522-FCC68CF4342B}.Debug|Any CPU.ActiveCfg = Debug|Any CPU
		{32B974CD-7A54-4EB6-8522-FCC68CF4342B}.Debug|Any CPU.Build.0 = Debug|Any CPU
		{32B974CD-7A54-4EB6-8522-FCC68CF4342B}.Debug|ARM64.ActiveCfg = Debug|Any CPU
		{32B974CD-7A54-4EB6-8522-FCC68CF4342B}.Debug|ARM64.Build.0 = Debug|Any CPU
		{32B974CD-7A54-4EB6-8522-FCC68CF4342B}.Debug|x64.ActiveCfg = Debug|Any CPU
		{32B974CD-7A54-4EB6-8522-FCC68CF4342B}.Debug|x64.Build.0 = Debug|Any CPU
		{32B974CD-7A54-4EB6-8522-FCC68CF4342B}.Debug|x86.ActiveCfg = Debug|Any CPU
		{32B974CD-7A54-4EB6-8522-FCC68CF4342B}.Debug|x86.Build.0 = Debug|Any CPU
		{32B974CD-7A54-4EB6-8522-FCC68CF4342B}.Release|Any CPU.ActiveCfg = Release|Any CPU
		{32B974CD-7A54-4EB6-8522-FCC68CF4342B}.Release|Any CPU.Build.0 = Release|Any CPU
		{32B974CD-7A54-4EB6-8522-FCC68CF4342B}.Release|ARM64.ActiveCfg = Release|Any CPU
		{32B974CD-7A54-4EB6-8522-FCC68CF4342B}.Release|ARM64.Build.0 = Release|Any CPU
		{32B974CD-7A54-4EB6-8522-FCC68CF4342B}.Release|x64.ActiveCfg = Release|Any CPU
		{32B974CD-7A54-4EB6-8522-FCC68CF4342B}.Release|x64.Build.0 = Release|Any CPU
		{32B974CD-7A54-4EB6-8522-FCC68CF4342B}.Release|x86.ActiveCfg = Release|Any CPU
		{32B974CD-7A54-4EB6-8522-FCC68CF4342B}.Release|x86.Build.0 = Release|Any CPU
		{957BC367-E82A-49A1-95B6-9CDA22CC7E23}.Debug|Any CPU.ActiveCfg = Debug|Any CPU
		{957BC367-E82A-49A1-95B6-9CDA22CC7E23}.Debug|Any CPU.Build.0 = Debug|Any CPU
		{957BC367-E82A-49A1-95B6-9CDA22CC7E23}.Debug|ARM64.ActiveCfg = Debug|Any CPU
		{957BC367-E82A-49A1-95B6-9CDA22CC7E23}.Debug|ARM64.Build.0 = Debug|Any CPU
		{957BC367-E82A-49A1-95B6-9CDA22CC7E23}.Debug|x64.ActiveCfg = Debug|Any CPU
		{957BC367-E82A-49A1-95B6-9CDA22CC7E23}.Debug|x64.Build.0 = Debug|Any CPU
		{957BC367-E82A-49A1-95B6-9CDA22CC7E23}.Debug|x86.ActiveCfg = Debug|Any CPU
		{957BC367-E82A-49A1-95B6-9CDA22CC7E23}.Debug|x86.Build.0 = Debug|Any CPU
		{957BC367-E82A-49A1-95B6-9CDA22CC7E23}.Release|Any CPU.ActiveCfg = Release|Any CPU
		{957BC367-E82A-49A1-95B6-9CDA22CC7E23}.Release|Any CPU.Build.0 = Release|Any CPU
		{957BC367-E82A-49A1-95B6-9CDA22CC7E23}.Release|ARM64.ActiveCfg = Release|Any CPU
		{957BC367-E82A-49A1-95B6-9CDA22CC7E23}.Release|ARM64.Build.0 = Release|Any CPU
		{957BC367-E82A-49A1-95B6-9CDA22CC7E23}.Release|x64.ActiveCfg = Release|Any CPU
		{957BC367-E82A-49A1-95B6-9CDA22CC7E23}.Release|x64.Build.0 = Release|Any CPU
		{957BC367-E82A-49A1-95B6-9CDA22CC7E23}.Release|x86.ActiveCfg = Release|Any CPU
		{957BC367-E82A-49A1-95B6-9CDA22CC7E23}.Release|x86.Build.0 = Release|Any CPU
		{CF36DB74-A137-4714-B17B-0040B2C1DF33}.Debug|Any CPU.ActiveCfg = Debug|Any CPU
		{CF36DB74-A137-4714-B17B-0040B2C1DF33}.Debug|Any CPU.Build.0 = Debug|Any CPU
		{CF36DB74-A137-4714-B17B-0040B2C1DF33}.Debug|ARM64.ActiveCfg = Debug|Any CPU
		{CF36DB74-A137-4714-B17B-0040B2C1DF33}.Debug|ARM64.Build.0 = Debug|Any CPU
		{CF36DB74-A137-4714-B17B-0040B2C1DF33}.Debug|x64.ActiveCfg = Debug|Any CPU
		{CF36DB74-A137-4714-B17B-0040B2C1DF33}.Debug|x64.Build.0 = Debug|Any CPU
		{CF36DB74-A137-4714-B17B-0040B2C1DF33}.Debug|x86.ActiveCfg = Debug|Any CPU
		{CF36DB74-A137-4714-B17B-0040B2C1DF33}.Debug|x86.Build.0 = Debug|Any CPU
		{CF36DB74-A137-4714-B17B-0040B2C1DF33}.Release|Any CPU.ActiveCfg = Release|Any CPU
		{CF36DB74-A137-4714-B17B-0040B2C1DF33}.Release|Any CPU.Build.0 = Release|Any CPU
		{CF36DB74-A137-4714-B17B-0040B2C1DF33}.Release|ARM64.ActiveCfg = Release|Any CPU
		{CF36DB74-A137-4714-B17B-0040B2C1DF33}.Release|ARM64.Build.0 = Release|Any CPU
		{CF36DB74-A137-4714-B17B-0040B2C1DF33}.Release|x64.ActiveCfg = Release|Any CPU
		{CF36DB74-A137-4714-B17B-0040B2C1DF33}.Release|x64.Build.0 = Release|Any CPU
		{CF36DB74-A137-4714-B17B-0040B2C1DF33}.Release|x86.ActiveCfg = Release|Any CPU
		{CF36DB74-A137-4714-B17B-0040B2C1DF33}.Release|x86.Build.0 = Release|Any CPU
		{61566A8E-3413-4820-B95F-2BAB9956D809}.Debug|Any CPU.ActiveCfg = Debug|Any CPU
		{61566A8E-3413-4820-B95F-2BAB9956D809}.Debug|Any CPU.Build.0 = Debug|Any CPU
		{61566A8E-3413-4820-B95F-2BAB9956D809}.Debug|ARM64.ActiveCfg = Debug|Any CPU
		{61566A8E-3413-4820-B95F-2BAB9956D809}.Debug|ARM64.Build.0 = Debug|Any CPU
		{61566A8E-3413-4820-B95F-2BAB9956D809}.Debug|x64.ActiveCfg = Debug|Any CPU
		{61566A8E-3413-4820-B95F-2BAB9956D809}.Debug|x64.Build.0 = Debug|Any CPU
		{61566A8E-3413-4820-B95F-2BAB9956D809}.Debug|x86.ActiveCfg = Debug|Any CPU
		{61566A8E-3413-4820-B95F-2BAB9956D809}.Debug|x86.Build.0 = Debug|Any CPU
		{61566A8E-3413-4820-B95F-2BAB9956D809}.Release|Any CPU.ActiveCfg = Release|Any CPU
		{61566A8E-3413-4820-B95F-2BAB9956D809}.Release|Any CPU.Build.0 = Release|Any CPU
		{61566A8E-3413-4820-B95F-2BAB9956D809}.Release|ARM64.ActiveCfg = Release|Any CPU
		{61566A8E-3413-4820-B95F-2BAB9956D809}.Release|ARM64.Build.0 = Release|Any CPU
		{61566A8E-3413-4820-B95F-2BAB9956D809}.Release|x64.ActiveCfg = Release|Any CPU
		{61566A8E-3413-4820-B95F-2BAB9956D809}.Release|x64.Build.0 = Release|Any CPU
		{61566A8E-3413-4820-B95F-2BAB9956D809}.Release|x86.ActiveCfg = Release|Any CPU
		{61566A8E-3413-4820-B95F-2BAB9956D809}.Release|x86.Build.0 = Release|Any CPU
		{6BDEB957-74E6-42F9-85D5-2015DD90BCFB}.Debug|Any CPU.ActiveCfg = Debug|Any CPU
		{6BDEB957-74E6-42F9-85D5-2015DD90BCFB}.Debug|Any CPU.Build.0 = Debug|Any CPU
		{6BDEB957-74E6-42F9-85D5-2015DD90BCFB}.Debug|ARM64.ActiveCfg = Debug|Any CPU
		{6BDEB957-74E6-42F9-85D5-2015DD90BCFB}.Debug|ARM64.Build.0 = Debug|Any CPU
		{6BDEB957-74E6-42F9-85D5-2015DD90BCFB}.Debug|x64.ActiveCfg = Debug|Any CPU
		{6BDEB957-74E6-42F9-85D5-2015DD90BCFB}.Debug|x64.Build.0 = Debug|Any CPU
		{6BDEB957-74E6-42F9-85D5-2015DD90BCFB}.Debug|x86.ActiveCfg = Debug|Any CPU
		{6BDEB957-74E6-42F9-85D5-2015DD90BCFB}.Debug|x86.Build.0 = Debug|Any CPU
		{6BDEB957-74E6-42F9-85D5-2015DD90BCFB}.Release|Any CPU.ActiveCfg = Release|Any CPU
		{6BDEB957-74E6-42F9-85D5-2015DD90BCFB}.Release|Any CPU.Build.0 = Release|Any CPU
		{6BDEB957-74E6-42F9-85D5-2015DD90BCFB}.Release|ARM64.ActiveCfg = Release|Any CPU
		{6BDEB957-74E6-42F9-85D5-2015DD90BCFB}.Release|ARM64.Build.0 = Release|Any CPU
		{6BDEB957-74E6-42F9-85D5-2015DD90BCFB}.Release|x64.ActiveCfg = Release|Any CPU
		{6BDEB957-74E6-42F9-85D5-2015DD90BCFB}.Release|x64.Build.0 = Release|Any CPU
		{6BDEB957-74E6-42F9-85D5-2015DD90BCFB}.Release|x86.ActiveCfg = Release|Any CPU
		{6BDEB957-74E6-42F9-85D5-2015DD90BCFB}.Release|x86.Build.0 = Release|Any CPU
		{963DAD17-E244-4C78-B952-7157040064D0}.Debug|Any CPU.ActiveCfg = Debug|Any CPU
		{963DAD17-E244-4C78-B952-7157040064D0}.Debug|Any CPU.Build.0 = Debug|Any CPU
		{963DAD17-E244-4C78-B952-7157040064D0}.Debug|ARM64.ActiveCfg = Debug|Any CPU
		{963DAD17-E244-4C78-B952-7157040064D0}.Debug|ARM64.Build.0 = Debug|Any CPU
		{963DAD17-E244-4C78-B952-7157040064D0}.Debug|x64.ActiveCfg = Debug|Any CPU
		{963DAD17-E244-4C78-B952-7157040064D0}.Debug|x64.Build.0 = Debug|Any CPU
		{963DAD17-E244-4C78-B952-7157040064D0}.Debug|x86.ActiveCfg = Debug|Any CPU
		{963DAD17-E244-4C78-B952-7157040064D0}.Debug|x86.Build.0 = Debug|Any CPU
		{963DAD17-E244-4C78-B952-7157040064D0}.Release|Any CPU.ActiveCfg = Release|Any CPU
		{963DAD17-E244-4C78-B952-7157040064D0}.Release|Any CPU.Build.0 = Release|Any CPU
		{963DAD17-E244-4C78-B952-7157040064D0}.Release|ARM64.ActiveCfg = Release|Any CPU
		{963DAD17-E244-4C78-B952-7157040064D0}.Release|ARM64.Build.0 = Release|Any CPU
		{963DAD17-E244-4C78-B952-7157040064D0}.Release|x64.ActiveCfg = Release|Any CPU
		{963DAD17-E244-4C78-B952-7157040064D0}.Release|x64.Build.0 = Release|Any CPU
		{963DAD17-E244-4C78-B952-7157040064D0}.Release|x86.ActiveCfg = Release|Any CPU
		{963DAD17-E244-4C78-B952-7157040064D0}.Release|x86.Build.0 = Release|Any CPU
		{2406217F-EADC-41A1-BB85-E89AA809704A}.Debug|Any CPU.ActiveCfg = Debug|Any CPU
		{2406217F-EADC-41A1-BB85-E89AA809704A}.Debug|Any CPU.Build.0 = Debug|Any CPU
		{2406217F-EADC-41A1-BB85-E89AA809704A}.Debug|ARM64.ActiveCfg = Debug|Any CPU
		{2406217F-EADC-41A1-BB85-E89AA809704A}.Debug|ARM64.Build.0 = Debug|Any CPU
		{2406217F-EADC-41A1-BB85-E89AA809704A}.Debug|x64.ActiveCfg = Debug|Any CPU
		{2406217F-EADC-41A1-BB85-E89AA809704A}.Debug|x64.Build.0 = Debug|Any CPU
		{2406217F-EADC-41A1-BB85-E89AA809704A}.Debug|x86.ActiveCfg = Debug|Any CPU
		{2406217F-EADC-41A1-BB85-E89AA809704A}.Debug|x86.Build.0 = Debug|Any CPU
		{2406217F-EADC-41A1-BB85-E89AA809704A}.Release|Any CPU.ActiveCfg = Release|Any CPU
		{2406217F-EADC-41A1-BB85-E89AA809704A}.Release|Any CPU.Build.0 = Release|Any CPU
		{2406217F-EADC-41A1-BB85-E89AA809704A}.Release|ARM64.ActiveCfg = Release|Any CPU
		{2406217F-EADC-41A1-BB85-E89AA809704A}.Release|ARM64.Build.0 = Release|Any CPU
		{2406217F-EADC-41A1-BB85-E89AA809704A}.Release|x64.ActiveCfg = Release|Any CPU
		{2406217F-EADC-41A1-BB85-E89AA809704A}.Release|x64.Build.0 = Release|Any CPU
		{2406217F-EADC-41A1-BB85-E89AA809704A}.Release|x86.ActiveCfg = Release|Any CPU
		{2406217F-EADC-41A1-BB85-E89AA809704A}.Release|x86.Build.0 = Release|Any CPU
		{A1B1136D-03F3-402C-9EF3-74F7119B8492}.Debug|Any CPU.ActiveCfg = Debug|Any CPU
		{A1B1136D-03F3-402C-9EF3-74F7119B8492}.Debug|Any CPU.Build.0 = Debug|Any CPU
		{A1B1136D-03F3-402C-9EF3-74F7119B8492}.Debug|ARM64.ActiveCfg = Debug|Any CPU
		{A1B1136D-03F3-402C-9EF3-74F7119B8492}.Debug|ARM64.Build.0 = Debug|Any CPU
		{A1B1136D-03F3-402C-9EF3-74F7119B8492}.Debug|x64.ActiveCfg = Debug|Any CPU
		{A1B1136D-03F3-402C-9EF3-74F7119B8492}.Debug|x64.Build.0 = Debug|Any CPU
		{A1B1136D-03F3-402C-9EF3-74F7119B8492}.Debug|x86.ActiveCfg = Debug|Any CPU
		{A1B1136D-03F3-402C-9EF3-74F7119B8492}.Debug|x86.Build.0 = Debug|Any CPU
		{A1B1136D-03F3-402C-9EF3-74F7119B8492}.Release|Any CPU.ActiveCfg = Release|Any CPU
		{A1B1136D-03F3-402C-9EF3-74F7119B8492}.Release|Any CPU.Build.0 = Release|Any CPU
		{A1B1136D-03F3-402C-9EF3-74F7119B8492}.Release|ARM64.ActiveCfg = Release|Any CPU
		{A1B1136D-03F3-402C-9EF3-74F7119B8492}.Release|ARM64.Build.0 = Release|Any CPU
		{A1B1136D-03F3-402C-9EF3-74F7119B8492}.Release|x64.ActiveCfg = Release|Any CPU
		{A1B1136D-03F3-402C-9EF3-74F7119B8492}.Release|x64.Build.0 = Release|Any CPU
		{A1B1136D-03F3-402C-9EF3-74F7119B8492}.Release|x86.ActiveCfg = Release|Any CPU
		{A1B1136D-03F3-402C-9EF3-74F7119B8492}.Release|x86.Build.0 = Release|Any CPU
		{1A900417-8FEF-4DC6-8E0E-04ACB0D8DDDB}.Debug|Any CPU.ActiveCfg = Debug|Any CPU
		{1A900417-8FEF-4DC6-8E0E-04ACB0D8DDDB}.Debug|Any CPU.Build.0 = Debug|Any CPU
		{1A900417-8FEF-4DC6-8E0E-04ACB0D8DDDB}.Debug|ARM64.ActiveCfg = Debug|Any CPU
		{1A900417-8FEF-4DC6-8E0E-04ACB0D8DDDB}.Debug|ARM64.Build.0 = Debug|Any CPU
		{1A900417-8FEF-4DC6-8E0E-04ACB0D8DDDB}.Debug|x64.ActiveCfg = Debug|Any CPU
		{1A900417-8FEF-4DC6-8E0E-04ACB0D8DDDB}.Debug|x64.Build.0 = Debug|Any CPU
		{1A900417-8FEF-4DC6-8E0E-04ACB0D8DDDB}.Debug|x86.ActiveCfg = Debug|Any CPU
		{1A900417-8FEF-4DC6-8E0E-04ACB0D8DDDB}.Debug|x86.Build.0 = Debug|Any CPU
		{1A900417-8FEF-4DC6-8E0E-04ACB0D8DDDB}.Release|Any CPU.ActiveCfg = Release|Any CPU
		{1A900417-8FEF-4DC6-8E0E-04ACB0D8DDDB}.Release|Any CPU.Build.0 = Release|Any CPU
		{1A900417-8FEF-4DC6-8E0E-04ACB0D8DDDB}.Release|ARM64.ActiveCfg = Release|Any CPU
		{1A900417-8FEF-4DC6-8E0E-04ACB0D8DDDB}.Release|ARM64.Build.0 = Release|Any CPU
		{1A900417-8FEF-4DC6-8E0E-04ACB0D8DDDB}.Release|x64.ActiveCfg = Release|Any CPU
		{1A900417-8FEF-4DC6-8E0E-04ACB0D8DDDB}.Release|x64.Build.0 = Release|Any CPU
		{1A900417-8FEF-4DC6-8E0E-04ACB0D8DDDB}.Release|x86.ActiveCfg = Release|Any CPU
		{1A900417-8FEF-4DC6-8E0E-04ACB0D8DDDB}.Release|x86.Build.0 = Release|Any CPU
		{9E972058-CA3C-449D-8E90-B2C540F69E00}.Debug|Any CPU.ActiveCfg = Debug|x64
		{9E972058-CA3C-449D-8E90-B2C540F69E00}.Debug|Any CPU.Build.0 = Debug|x64
		{9E972058-CA3C-449D-8E90-B2C540F69E00}.Debug|Any CPU.Deploy.0 = Debug|x64
		{9E972058-CA3C-449D-8E90-B2C540F69E00}.Debug|ARM64.ActiveCfg = Debug|ARM64
		{9E972058-CA3C-449D-8E90-B2C540F69E00}.Debug|ARM64.Build.0 = Debug|ARM64
		{9E972058-CA3C-449D-8E90-B2C540F69E00}.Debug|ARM64.Deploy.0 = Debug|ARM64
		{9E972058-CA3C-449D-8E90-B2C540F69E00}.Debug|x64.ActiveCfg = Debug|x64
		{9E972058-CA3C-449D-8E90-B2C540F69E00}.Debug|x64.Build.0 = Debug|x64
		{9E972058-CA3C-449D-8E90-B2C540F69E00}.Debug|x64.Deploy.0 = Debug|x64
		{9E972058-CA3C-449D-8E90-B2C540F69E00}.Debug|x86.ActiveCfg = Debug|x86
		{9E972058-CA3C-449D-8E90-B2C540F69E00}.Debug|x86.Build.0 = Debug|x86
		{9E972058-CA3C-449D-8E90-B2C540F69E00}.Debug|x86.Deploy.0 = Debug|x86
		{9E972058-CA3C-449D-8E90-B2C540F69E00}.Release|Any CPU.ActiveCfg = Release|x64
		{9E972058-CA3C-449D-8E90-B2C540F69E00}.Release|Any CPU.Build.0 = Release|x64
		{9E972058-CA3C-449D-8E90-B2C540F69E00}.Release|Any CPU.Deploy.0 = Release|x64
		{9E972058-CA3C-449D-8E90-B2C540F69E00}.Release|ARM64.ActiveCfg = Release|ARM64
		{9E972058-CA3C-449D-8E90-B2C540F69E00}.Release|ARM64.Build.0 = Release|ARM64
		{9E972058-CA3C-449D-8E90-B2C540F69E00}.Release|ARM64.Deploy.0 = Release|ARM64
		{9E972058-CA3C-449D-8E90-B2C540F69E00}.Release|x64.ActiveCfg = Release|x64
		{9E972058-CA3C-449D-8E90-B2C540F69E00}.Release|x64.Build.0 = Release|x64
		{9E972058-CA3C-449D-8E90-B2C540F69E00}.Release|x64.Deploy.0 = Release|x64
		{9E972058-CA3C-449D-8E90-B2C540F69E00}.Release|x86.ActiveCfg = Release|x86
		{9E972058-CA3C-449D-8E90-B2C540F69E00}.Release|x86.Build.0 = Release|x86
		{9E972058-CA3C-449D-8E90-B2C540F69E00}.Release|x86.Deploy.0 = Release|x86
	EndGlobalSection
	GlobalSection(SolutionProperties) = preSolution
		HideSolutionNode = FALSE
	EndGlobalSection
	GlobalSection(ExtensibilityGlobals) = postSolution
		SolutionGuid = {69946625-8384-4E1B-B505-BD74999D3480}
	EndGlobalSection
EndGlobal
